
Microsoft Visual Studio Solution File, Format Version 12.00
# Visual Studio Version 17
VisualStudioVersion = 17.4.33213.308
MinimumVisualStudioVersion = 10.0.40219.1
Project("{FAE04EC0-301F-11D3-BF4B-00C04F79EFBC}") = "sqlapp", "sqlapp.csproj", "{44BBF0EC-B1E3-4FDD-BB8B-A9DFC475563E}"
EndProject
Global
	GlobalSection(SolutionConfigurationPlatforms) = preSolution
		Debug|Any CPU = Debug|Any CPU
		Release|Any CPU = Release|Any CPU
	EndGlobalSection
	GlobalSection(ProjectConfigurationPlatforms) = postSolution
		{44BBF0EC-B1E3-4FDD-BB8B-A9DFC475563E}.Debug|Any CPU.ActiveCfg = Debug|Any CPU
		{44BBF0EC-B1E3-4FDD-BB8B-A9DFC475563E}.Debug|Any CPU.Build.0 = Debug|Any CPU
		{44BBF0EC-B1E3-4FDD-BB8B-A9DFC475563E}.Release|Any CPU.ActiveCfg = Release|Any CPU
		{44BBF0EC-B1E3-4FDD-BB8B-A9DFC475563E}.Release|Any CPU.Build.0 = Release|Any CPU
	EndGlobalSection
	GlobalSection(SolutionProperties) = preSolution
		HideSolutionNode = FALSE
	EndGlobalSection
	GlobalSection(ExtensibilityGlobals) = postSolution
		SolutionGuid = {E37897CA-D41C-454C-9240-E78C18826957}
	EndGlobalSection
EndGlobal
